
Microsoft Visual Studio Solution File, Format Version 12.00
Project("{FAE04EC0-301F-11D3-BF4B-00C04F79EFBC}") = "BlazorBlog", "src\BlazorBlog\BlazorBlog.csproj", "{8BA67F5D-C202-486F-A622-3D1F8CFF5C14}"
EndProject
Project("{2150E333-8FDC-42A3-9474-1A3956D46DE8}") = "src", "src", "{CEEFA4EC-1650-4254-9B41-C252101CBAF1}"
EndProject
Project("{FAE04EC0-301F-11D3-BF4B-00C04F79EFBC}") = "BlazorBlog.Core.Tests", "tests\BlazorBlog.Core.Tests\BlazorBlog.Core.Tests.csproj", "{E291C34F-56E4-44CE-AAC2-703A933B7F43}"
EndProject
Project("{2150E333-8FDC-42A3-9474-1A3956D46DE8}") = "tests", "tests", "{8CFAD95E-AB71-4780-AE01-872F73AF01C3}"
EndProject
Project("{FAE04EC0-301F-11D3-BF4B-00C04F79EFBC}") = "BlazorBlog.Core", "src\BlazorBlog.Core\BlazorBlog.Core.csproj", "{5D1F99B3-86E8-498C-B0CA-A6173DEF3085}"
EndProject
Project("{2150E333-8FDC-42A3-9474-1A3956D46DE8}") = "examples", "examples", "{76F55C15-9A53-4F7E-AF21-A106DBB634A6}"
EndProject
Project("{FAE04EC0-301F-11D3-BF4B-00C04F79EFBC}") = "BlazorBlog.Examples.InMemoryBlog", "examples\BlazorBlog.Examples.InMemoryBlog\BlazorBlog.Examples.InMemoryBlog.csproj", "{AE488BA8-CF47-42C0-9B51-BB83C32A8AEF}"
EndProject
Project("{FAE04EC0-301F-11D3-BF4B-00C04F79EFBC}") = "BlazorBlog.UI", "src\BlazorBlog.UI\BlazorBlog.UI.csproj", "{3B220788-B0A7-4A20-8BC1-5D13225797E5}"
EndProject
Project("{FAE04EC0-301F-11D3-BF4B-00C04F79EFBC}") = "BlazorBlog.UI.Tests", "tests\BlazorBlog.UI.Tests\BlazorBlog.UI.Tests.csproj", "{DBF87EF8-5A00-423B-A365-AE71A33CE53B}"
EndProject
Global
	GlobalSection(SolutionConfigurationPlatforms) = preSolution
		Debug|Any CPU = Debug|Any CPU
		Release|Any CPU = Release|Any CPU
	EndGlobalSection
	GlobalSection(ProjectConfigurationPlatforms) = postSolution
		{8BA67F5D-C202-486F-A622-3D1F8CFF5C14}.Debug|Any CPU.ActiveCfg = Debug|Any CPU
		{8BA67F5D-C202-486F-A622-3D1F8CFF5C14}.Debug|Any CPU.Build.0 = Debug|Any CPU
		{8BA67F5D-C202-486F-A622-3D1F8CFF5C14}.Release|Any CPU.ActiveCfg = Release|Any CPU
		{8BA67F5D-C202-486F-A622-3D1F8CFF5C14}.Release|Any CPU.Build.0 = Release|Any CPU
		{E291C34F-56E4-44CE-AAC2-703A933B7F43}.Debug|Any CPU.ActiveCfg = Debug|Any CPU
		{E291C34F-56E4-44CE-AAC2-703A933B7F43}.Debug|Any CPU.Build.0 = Debug|Any CPU
		{E291C34F-56E4-44CE-AAC2-703A933B7F43}.Release|Any CPU.ActiveCfg = Release|Any CPU
		{E291C34F-56E4-44CE-AAC2-703A933B7F43}.Release|Any CPU.Build.0 = Release|Any CPU
		{5D1F99B3-86E8-498C-B0CA-A6173DEF3085}.Debug|Any CPU.ActiveCfg = Debug|Any CPU
		{5D1F99B3-86E8-498C-B0CA-A6173DEF3085}.Debug|Any CPU.Build.0 = Debug|Any CPU
		{5D1F99B3-86E8-498C-B0CA-A6173DEF3085}.Release|Any CPU.ActiveCfg = Release|Any CPU
		{5D1F99B3-86E8-498C-B0CA-A6173DEF3085}.Release|Any CPU.Build.0 = Release|Any CPU
		{AE488BA8-CF47-42C0-9B51-BB83C32A8AEF}.Debug|Any CPU.ActiveCfg = Debug|Any CPU
		{AE488BA8-CF47-42C0-9B51-BB83C32A8AEF}.Debug|Any CPU.Build.0 = Debug|Any CPU
		{AE488BA8-CF47-42C0-9B51-BB83C32A8AEF}.Release|Any CPU.ActiveCfg = Release|Any CPU
		{AE488BA8-CF47-42C0-9B51-BB83C32A8AEF}.Release|Any CPU.Build.0 = Release|Any CPU
		{3B220788-B0A7-4A20-8BC1-5D13225797E5}.Debug|Any CPU.ActiveCfg = Debug|Any CPU
		{3B220788-B0A7-4A20-8BC1-5D13225797E5}.Debug|Any CPU.Build.0 = Debug|Any CPU
		{3B220788-B0A7-4A20-8BC1-5D13225797E5}.Release|Any CPU.ActiveCfg = Release|Any CPU
		{3B220788-B0A7-4A20-8BC1-5D13225797E5}.Release|Any CPU.Build.0 = Release|Any CPU
		{DBF87EF8-5A00-423B-A365-AE71A33CE53B}.Debug|Any CPU.ActiveCfg = Debug|Any CPU
		{DBF87EF8-5A00-423B-A365-AE71A33CE53B}.Debug|Any CPU.Build.0 = Debug|Any CPU
		{DBF87EF8-5A00-423B-A365-AE71A33CE53B}.Release|Any CPU.ActiveCfg = Release|Any CPU
		{DBF87EF8-5A00-423B-A365-AE71A33CE53B}.Release|Any CPU.Build.0 = Release|Any CPU
	EndGlobalSection
	GlobalSection(NestedProjects) = preSolution
		{8BA67F5D-C202-486F-A622-3D1F8CFF5C14} = {CEEFA4EC-1650-4254-9B41-C252101CBAF1}
		{E291C34F-56E4-44CE-AAC2-703A933B7F43} = {8CFAD95E-AB71-4780-AE01-872F73AF01C3}
		{5D1F99B3-86E8-498C-B0CA-A6173DEF3085} = {CEEFA4EC-1650-4254-9B41-C252101CBAF1}
		{AE488BA8-CF47-42C0-9B51-BB83C32A8AEF} = {76F55C15-9A53-4F7E-AF21-A106DBB634A6}
		{3B220788-B0A7-4A20-8BC1-5D13225797E5} = {CEEFA4EC-1650-4254-9B41-C252101CBAF1}
		{DBF87EF8-5A00-423B-A365-AE71A33CE53B} = {8CFAD95E-AB71-4780-AE01-872F73AF01C3}
	EndGlobalSection
EndGlobal
