
Microsoft Visual Studio Solution File, Format Version 12.00
Project("{FAE04EC0-301F-11D3-BF4B-00C04F79EFBC}") = "BlazorBlog", "src\BlazorBlog\BlazorBlog.csproj", "{8BA67F5D-C202-486F-A622-3D1F8CFF5C14}"
EndProject
Project("{2150E333-8FDC-42A3-9474-1A3956D46DE8}") = "src", "src", "{CEEFA4EC-1650-4254-9B41-C252101CBAF1}"
EndProject
Project("{FAE04EC0-301F-11D3-BF4B-00C04F79EFBC}") = "BlazorBlog.Core.Tests", "tests\BlazorBlog.Core.Tests\BlazorBlog.Core.Tests.csproj", "{E291C34F-56E4-44CE-AAC2-703A933B7F43}"
EndProject
Project("{2150E333-8FDC-42A3-9474-1A3956D46DE8}") = "tests", "tests", "{8CFAD95E-AB71-4780-AE01-872F73AF01C3}"
EndProject
Project("{FAE04EC0-301F-11D3-BF4B-00C04F79EFBC}") = "BlazorBlog.Core", "src\BlazorBlog.Core\BlazorBlog.Core.csproj", "{5D1F99B3-86E8-498C-B0CA-A6173DEF3085}"
EndProject
Project("{2150E333-8FDC-42A3-9474-1A3956D46DE8}") = "examples", "examples", "{76F55C15-9A53-4F7E-AF21-A106DBB634A6}"
EndProject
Project("{FAE04EC0-301F-11D3-BF4B-00C04F79EFBC}") = "BlazorBlog.Examples.InMemoryBlog", "examples\BlazorBlog.Examples.InMemoryBlog\BlazorBlog.Examples.InMemoryBlog.csproj", "{AE488BA8-CF47-42C0-9B51-BB83C32A8AEF}"
EndProject
Project("{FAE04EC0-301F-11D3-BF4B-00C04F79EFBC}") = "BlazorBlog.UI", "src\BlazorBlog.UI\BlazorBlog.UI.csproj", "{3B220788-B0A7-4A20-8BC1-5D13225797E5}"
EndProject
Project("{FAE04EC0-301F-11D3-BF4B-00C04F79EFBC}") = "BlazorBlog.UI.Tests", "tests\BlazorBlog.UI.Tests\BlazorBlog.UI.Tests.csproj", "{DBF87EF8-5A00-423B-A365-AE71A33CE53B}"
EndProject
Project("{FAE04EC0-301F-11D3-BF4B-00C04F79EFBC}") = "BlazorBlog.Contentful", "src\BlazorBlog.Contentful\BlazorBlog.Contentful.csproj", "{889D2A56-B78A-47C7-A26D-049BD5C72687}"
EndProject
Project("{FAE04EC0-301F-11D3-BF4B-00C04F79EFBC}") = "BlazorBlog.Examples.ContentfulBlog", "examples\BlazorBlog.Examples.ContentfulBlog\BlazorBlog.Examples.ContentfulBlog.csproj", "{3B93E7B0-BF50-45C2-BA54-8532176188B3}"
EndProject
Project("{FAE04EC0-301F-11D3-BF4B-00C04F79EFBC}") = "BlazorBlog.MicroCms", "src\BlazorBlog.MicroCms\BlazorBlog.MicroCms.csproj", "{C7205098-994C-46FF-BC13-CBD849AC8635}"
EndProject
Project("{FAE04EC0-301F-11D3-BF4B-00C04F79EFBC}") = "BlazorBlog.MicroCms.Tests", "tests\BlazorBlog.MicroCms.Tests\BlazorBlog.MicroCms.Tests.csproj", "{8BA68602-9531-4E7A-8130-7BE295462C32}"
EndProject
Project("{FAE04EC0-301F-11D3-BF4B-00C04F79EFBC}") = "BlazorBlog.Examples.MicroCmsBlog", "examples\BlazorBlog.Examples.MicroCmsBlog\BlazorBlog.Examples.MicroCmsBlog.csproj", "{9B67FF4E-75D6-4835-A4F4-9702036230C0}"
EndProject
Project("{FAE04EC0-301F-11D3-BF4B-00C04F79EFBC}") = "BlazorBlog.GraphCms", "src\BlazorBlog.GraphCms\BlazorBlog.GraphCms.csproj", "{F15390B0-6E16-467B-A4C5-2A18EB58315F}"
EndProject
Project("{FAE04EC0-301F-11D3-BF4B-00C04F79EFBC}") = "BlazorBlog.GraphCms.Tests", "tests\BlazorBlog.GraphCms.Tests\BlazorBlog.GraphCms.Tests.csproj", "{7F61D5C8-0BCA-4F82-9C5A-3C7A203BE76F}"
EndProject
Project("{FAE04EC0-301F-11D3-BF4B-00C04F79EFBC}") = "BlazorBlog.Examples.GraphCmsBlog", "examples\BlazorBlog.Examples.GraphCmsBlog\BlazorBlog.Examples.GraphCmsBlog.csproj", "{4482861D-6EE1-40BC-BA7E-1BD9BA480731}"
EndProject
Project("{FAE04EC0-301F-11D3-BF4B-00C04F79EFBC}") = "BlazorBlog.Strapi", "src\BlazorBlog.Strapi\BlazorBlog.Strapi.csproj", "{DB7427A3-DB61-4976-82F2-3DF20E42A9E2}"
EndProject
Project("{FAE04EC0-301F-11D3-BF4B-00C04F79EFBC}") = "BlazorBlog.Examples.StrapiBlog", "examples\BlazorBlog.Examples.StrapiBlog\BlazorBlog.Examples.StrapiBlog.csproj", "{2207F0D6-6AB5-4E5E-8B9E-B8F0D77321FD}"
EndProject
Project("{FAE04EC0-301F-11D3-BF4B-00C04F79EFBC}") = "BlazorBlog.Strapi.Tests", "tests\BlazorBlog.Strapi.Tests\BlazorBlog.Strapi.Tests.csproj", "{1A62EE44-6FE7-4CB4-87D2-36E23A03E8DB}"
EndProject
Project("{FAE04EC0-301F-11D3-BF4B-00C04F79EFBC}") = "BlazorBlog.Ghost", "src\BlazorBlog.Ghost\BlazorBlog.Ghost.csproj", "{AEBDC019-95DD-45FC-8CEB-A1AA57FD6F2F}"
EndProject
Project("{FAE04EC0-301F-11D3-BF4B-00C04F79EFBC}") = "BlazorBlog.Examples.GhostBlog", "examples\BlazorBlog.Examples.GhostBlog\BlazorBlog.Examples.GhostBlog.csproj", "{153DB780-3C6F-420E-8AEC-AFBBF4B3FB76}"
EndProject
Project("{FAE04EC0-301F-11D3-BF4B-00C04F79EFBC}") = "BlazorBlog.Ghost.Tests", "tests\BlazorBlog.Ghost.Tests\BlazorBlog.Ghost.Tests.csproj", "{557C26D7-5D29-497C-8863-557A5988064A}"
EndProject
Project("{FAE04EC0-301F-11D3-BF4B-00C04F79EFBC}") = "BlazorBlog.Contentful.Tests", "tests\BlazorBlog.Contentful.Tests\BlazorBlog.Contentful.Tests.csproj", "{DE41149A-E3F9-4C25-A47F-7F38AD86557A}"
EndProject
Global
	GlobalSection(SolutionConfigurationPlatforms) = preSolution
		Debug|Any CPU = Debug|Any CPU
		Release|Any CPU = Release|Any CPU
	EndGlobalSection
	GlobalSection(ProjectConfigurationPlatforms) = postSolution
		{8BA67F5D-C202-486F-A622-3D1F8CFF5C14}.Debug|Any CPU.ActiveCfg = Debug|Any CPU
		{8BA67F5D-C202-486F-A622-3D1F8CFF5C14}.Debug|Any CPU.Build.0 = Debug|Any CPU
		{8BA67F5D-C202-486F-A622-3D1F8CFF5C14}.Release|Any CPU.ActiveCfg = Release|Any CPU
		{8BA67F5D-C202-486F-A622-3D1F8CFF5C14}.Release|Any CPU.Build.0 = Release|Any CPU
		{E291C34F-56E4-44CE-AAC2-703A933B7F43}.Debug|Any CPU.ActiveCfg = Debug|Any CPU
		{E291C34F-56E4-44CE-AAC2-703A933B7F43}.Debug|Any CPU.Build.0 = Debug|Any CPU
		{E291C34F-56E4-44CE-AAC2-703A933B7F43}.Release|Any CPU.ActiveCfg = Release|Any CPU
		{E291C34F-56E4-44CE-AAC2-703A933B7F43}.Release|Any CPU.Build.0 = Release|Any CPU
		{5D1F99B3-86E8-498C-B0CA-A6173DEF3085}.Debug|Any CPU.ActiveCfg = Debug|Any CPU
		{5D1F99B3-86E8-498C-B0CA-A6173DEF3085}.Debug|Any CPU.Build.0 = Debug|Any CPU
		{5D1F99B3-86E8-498C-B0CA-A6173DEF3085}.Release|Any CPU.ActiveCfg = Release|Any CPU
		{5D1F99B3-86E8-498C-B0CA-A6173DEF3085}.Release|Any CPU.Build.0 = Release|Any CPU
		{AE488BA8-CF47-42C0-9B51-BB83C32A8AEF}.Debug|Any CPU.ActiveCfg = Debug|Any CPU
		{AE488BA8-CF47-42C0-9B51-BB83C32A8AEF}.Debug|Any CPU.Build.0 = Debug|Any CPU
		{AE488BA8-CF47-42C0-9B51-BB83C32A8AEF}.Release|Any CPU.ActiveCfg = Release|Any CPU
		{AE488BA8-CF47-42C0-9B51-BB83C32A8AEF}.Release|Any CPU.Build.0 = Release|Any CPU
		{3B220788-B0A7-4A20-8BC1-5D13225797E5}.Debug|Any CPU.ActiveCfg = Debug|Any CPU
		{3B220788-B0A7-4A20-8BC1-5D13225797E5}.Debug|Any CPU.Build.0 = Debug|Any CPU
		{3B220788-B0A7-4A20-8BC1-5D13225797E5}.Release|Any CPU.ActiveCfg = Release|Any CPU
		{3B220788-B0A7-4A20-8BC1-5D13225797E5}.Release|Any CPU.Build.0 = Release|Any CPU
		{DBF87EF8-5A00-423B-A365-AE71A33CE53B}.Debug|Any CPU.ActiveCfg = Debug|Any CPU
		{DBF87EF8-5A00-423B-A365-AE71A33CE53B}.Debug|Any CPU.Build.0 = Debug|Any CPU
		{DBF87EF8-5A00-423B-A365-AE71A33CE53B}.Release|Any CPU.ActiveCfg = Release|Any CPU
		{DBF87EF8-5A00-423B-A365-AE71A33CE53B}.Release|Any CPU.Build.0 = Release|Any CPU
		{889D2A56-B78A-47C7-A26D-049BD5C72687}.Debug|Any CPU.ActiveCfg = Debug|Any CPU
		{889D2A56-B78A-47C7-A26D-049BD5C72687}.Debug|Any CPU.Build.0 = Debug|Any CPU
		{889D2A56-B78A-47C7-A26D-049BD5C72687}.Release|Any CPU.ActiveCfg = Release|Any CPU
		{889D2A56-B78A-47C7-A26D-049BD5C72687}.Release|Any CPU.Build.0 = Release|Any CPU
		{3B93E7B0-BF50-45C2-BA54-8532176188B3}.Debug|Any CPU.ActiveCfg = Debug|Any CPU
		{3B93E7B0-BF50-45C2-BA54-8532176188B3}.Debug|Any CPU.Build.0 = Debug|Any CPU
		{3B93E7B0-BF50-45C2-BA54-8532176188B3}.Release|Any CPU.ActiveCfg = Release|Any CPU
		{3B93E7B0-BF50-45C2-BA54-8532176188B3}.Release|Any CPU.Build.0 = Release|Any CPU
		{C7205098-994C-46FF-BC13-CBD849AC8635}.Debug|Any CPU.ActiveCfg = Debug|Any CPU
		{C7205098-994C-46FF-BC13-CBD849AC8635}.Debug|Any CPU.Build.0 = Debug|Any CPU
		{C7205098-994C-46FF-BC13-CBD849AC8635}.Release|Any CPU.ActiveCfg = Release|Any CPU
		{C7205098-994C-46FF-BC13-CBD849AC8635}.Release|Any CPU.Build.0 = Release|Any CPU
		{8BA68602-9531-4E7A-8130-7BE295462C32}.Debug|Any CPU.ActiveCfg = Debug|Any CPU
		{8BA68602-9531-4E7A-8130-7BE295462C32}.Debug|Any CPU.Build.0 = Debug|Any CPU
		{8BA68602-9531-4E7A-8130-7BE295462C32}.Release|Any CPU.ActiveCfg = Release|Any CPU
		{8BA68602-9531-4E7A-8130-7BE295462C32}.Release|Any CPU.Build.0 = Release|Any CPU
		{9B67FF4E-75D6-4835-A4F4-9702036230C0}.Debug|Any CPU.ActiveCfg = Debug|Any CPU
		{9B67FF4E-75D6-4835-A4F4-9702036230C0}.Debug|Any CPU.Build.0 = Debug|Any CPU
		{9B67FF4E-75D6-4835-A4F4-9702036230C0}.Release|Any CPU.ActiveCfg = Release|Any CPU
		{9B67FF4E-75D6-4835-A4F4-9702036230C0}.Release|Any CPU.Build.0 = Release|Any CPU
		{F15390B0-6E16-467B-A4C5-2A18EB58315F}.Debug|Any CPU.ActiveCfg = Debug|Any CPU
		{F15390B0-6E16-467B-A4C5-2A18EB58315F}.Debug|Any CPU.Build.0 = Debug|Any CPU
		{F15390B0-6E16-467B-A4C5-2A18EB58315F}.Release|Any CPU.ActiveCfg = Release|Any CPU
		{F15390B0-6E16-467B-A4C5-2A18EB58315F}.Release|Any CPU.Build.0 = Release|Any CPU
		{7F61D5C8-0BCA-4F82-9C5A-3C7A203BE76F}.Debug|Any CPU.ActiveCfg = Debug|Any CPU
		{7F61D5C8-0BCA-4F82-9C5A-3C7A203BE76F}.Debug|Any CPU.Build.0 = Debug|Any CPU
		{7F61D5C8-0BCA-4F82-9C5A-3C7A203BE76F}.Release|Any CPU.ActiveCfg = Release|Any CPU
		{7F61D5C8-0BCA-4F82-9C5A-3C7A203BE76F}.Release|Any CPU.Build.0 = Release|Any CPU
		{4482861D-6EE1-40BC-BA7E-1BD9BA480731}.Debug|Any CPU.ActiveCfg = Debug|Any CPU
		{4482861D-6EE1-40BC-BA7E-1BD9BA480731}.Debug|Any CPU.Build.0 = Debug|Any CPU
		{4482861D-6EE1-40BC-BA7E-1BD9BA480731}.Release|Any CPU.ActiveCfg = Release|Any CPU
		{4482861D-6EE1-40BC-BA7E-1BD9BA480731}.Release|Any CPU.Build.0 = Release|Any CPU
		{DB7427A3-DB61-4976-82F2-3DF20E42A9E2}.Debug|Any CPU.ActiveCfg = Debug|Any CPU
		{DB7427A3-DB61-4976-82F2-3DF20E42A9E2}.Debug|Any CPU.Build.0 = Debug|Any CPU
		{DB7427A3-DB61-4976-82F2-3DF20E42A9E2}.Release|Any CPU.ActiveCfg = Release|Any CPU
		{DB7427A3-DB61-4976-82F2-3DF20E42A9E2}.Release|Any CPU.Build.0 = Release|Any CPU
		{2207F0D6-6AB5-4E5E-8B9E-B8F0D77321FD}.Debug|Any CPU.ActiveCfg = Debug|Any CPU
		{2207F0D6-6AB5-4E5E-8B9E-B8F0D77321FD}.Debug|Any CPU.Build.0 = Debug|Any CPU
		{2207F0D6-6AB5-4E5E-8B9E-B8F0D77321FD}.Release|Any CPU.ActiveCfg = Release|Any CPU
		{2207F0D6-6AB5-4E5E-8B9E-B8F0D77321FD}.Release|Any CPU.Build.0 = Release|Any CPU
		{1A62EE44-6FE7-4CB4-87D2-36E23A03E8DB}.Debug|Any CPU.ActiveCfg = Debug|Any CPU
		{1A62EE44-6FE7-4CB4-87D2-36E23A03E8DB}.Debug|Any CPU.Build.0 = Debug|Any CPU
		{1A62EE44-6FE7-4CB4-87D2-36E23A03E8DB}.Release|Any CPU.ActiveCfg = Release|Any CPU
		{1A62EE44-6FE7-4CB4-87D2-36E23A03E8DB}.Release|Any CPU.Build.0 = Release|Any CPU
		{AEBDC019-95DD-45FC-8CEB-A1AA57FD6F2F}.Debug|Any CPU.ActiveCfg = Debug|Any CPU
		{AEBDC019-95DD-45FC-8CEB-A1AA57FD6F2F}.Debug|Any CPU.Build.0 = Debug|Any CPU
		{AEBDC019-95DD-45FC-8CEB-A1AA57FD6F2F}.Release|Any CPU.ActiveCfg = Release|Any CPU
		{AEBDC019-95DD-45FC-8CEB-A1AA57FD6F2F}.Release|Any CPU.Build.0 = Release|Any CPU
		{153DB780-3C6F-420E-8AEC-AFBBF4B3FB76}.Debug|Any CPU.ActiveCfg = Debug|Any CPU
		{153DB780-3C6F-420E-8AEC-AFBBF4B3FB76}.Debug|Any CPU.Build.0 = Debug|Any CPU
		{153DB780-3C6F-420E-8AEC-AFBBF4B3FB76}.Release|Any CPU.ActiveCfg = Release|Any CPU
		{153DB780-3C6F-420E-8AEC-AFBBF4B3FB76}.Release|Any CPU.Build.0 = Release|Any CPU
		{557C26D7-5D29-497C-8863-557A5988064A}.Debug|Any CPU.ActiveCfg = Debug|Any CPU
		{557C26D7-5D29-497C-8863-557A5988064A}.Debug|Any CPU.Build.0 = Debug|Any CPU
		{557C26D7-5D29-497C-8863-557A5988064A}.Release|Any CPU.ActiveCfg = Release|Any CPU
		{557C26D7-5D29-497C-8863-557A5988064A}.Release|Any CPU.Build.0 = Release|Any CPU
		{DE41149A-E3F9-4C25-A47F-7F38AD86557A}.Debug|Any CPU.ActiveCfg = Debug|Any CPU
		{DE41149A-E3F9-4C25-A47F-7F38AD86557A}.Debug|Any CPU.Build.0 = Debug|Any CPU
		{DE41149A-E3F9-4C25-A47F-7F38AD86557A}.Release|Any CPU.ActiveCfg = Release|Any CPU
		{DE41149A-E3F9-4C25-A47F-7F38AD86557A}.Release|Any CPU.Build.0 = Release|Any CPU
	EndGlobalSection
	GlobalSection(NestedProjects) = preSolution
		{8BA67F5D-C202-486F-A622-3D1F8CFF5C14} = {CEEFA4EC-1650-4254-9B41-C252101CBAF1}
		{E291C34F-56E4-44CE-AAC2-703A933B7F43} = {8CFAD95E-AB71-4780-AE01-872F73AF01C3}
		{5D1F99B3-86E8-498C-B0CA-A6173DEF3085} = {CEEFA4EC-1650-4254-9B41-C252101CBAF1}
		{889D2A56-B78A-47C7-A26D-049BD5C72687} = {CEEFA4EC-1650-4254-9B41-C252101CBAF1}
		{AE488BA8-CF47-42C0-9B51-BB83C32A8AEF} = {76F55C15-9A53-4F7E-AF21-A106DBB634A6}
		{3B220788-B0A7-4A20-8BC1-5D13225797E5} = {CEEFA4EC-1650-4254-9B41-C252101CBAF1}
		{DBF87EF8-5A00-423B-A365-AE71A33CE53B} = {8CFAD95E-AB71-4780-AE01-872F73AF01C3}
		{3B93E7B0-BF50-45C2-BA54-8532176188B3} = {76F55C15-9A53-4F7E-AF21-A106DBB634A6}
		{C7205098-994C-46FF-BC13-CBD849AC8635} = {CEEFA4EC-1650-4254-9B41-C252101CBAF1}
		{8BA68602-9531-4E7A-8130-7BE295462C32} = {8CFAD95E-AB71-4780-AE01-872F73AF01C3}
		{9B67FF4E-75D6-4835-A4F4-9702036230C0} = {76F55C15-9A53-4F7E-AF21-A106DBB634A6}
		{F15390B0-6E16-467B-A4C5-2A18EB58315F} = {CEEFA4EC-1650-4254-9B41-C252101CBAF1}
		{7F61D5C8-0BCA-4F82-9C5A-3C7A203BE76F} = {8CFAD95E-AB71-4780-AE01-872F73AF01C3}
		{4482861D-6EE1-40BC-BA7E-1BD9BA480731} = {76F55C15-9A53-4F7E-AF21-A106DBB634A6}
		{DB7427A3-DB61-4976-82F2-3DF20E42A9E2} = {CEEFA4EC-1650-4254-9B41-C252101CBAF1}
		{2207F0D6-6AB5-4E5E-8B9E-B8F0D77321FD} = {76F55C15-9A53-4F7E-AF21-A106DBB634A6}
		{1A62EE44-6FE7-4CB4-87D2-36E23A03E8DB} = {8CFAD95E-AB71-4780-AE01-872F73AF01C3}
		{AEBDC019-95DD-45FC-8CEB-A1AA57FD6F2F} = {CEEFA4EC-1650-4254-9B41-C252101CBAF1}
		{153DB780-3C6F-420E-8AEC-AFBBF4B3FB76} = {76F55C15-9A53-4F7E-AF21-A106DBB634A6}
		{557C26D7-5D29-497C-8863-557A5988064A} = {8CFAD95E-AB71-4780-AE01-872F73AF01C3}
		{DE41149A-E3F9-4C25-A47F-7F38AD86557A} = {8CFAD95E-AB71-4780-AE01-872F73AF01C3}
	EndGlobalSection
EndGlobal
